
Microsoft Visual Studio Solution File, Format Version 12.00
# Visual Studio 15
VisualStudioVersion = 15.0.27703.2042
MinimumVisualStudioVersion = 10.0.40219.1
Project("{2150E333-8FDC-42A3-9474-1A3956D46DE8}") = "Core", "Core", "{E4F358B9-59A9-46CF-B70A-BE5FC34C0E46}"
EndProject
Project("{9A19103F-16F7-4668-BE54-9A1E7A4F7556}") = "GTL.Application", "GTL.Application\GTL.Application.csproj", "{71FA72ED-3527-42E5-ADC6-59C4A5042C30}"
EndProject
Project("{FAE04EC0-301F-11D3-BF4B-00C04F79EFBC}") = "Domain", "GTL.Domain\Domain.csproj", "{1652EBCC-1592-4D70-B543-65546E38CE97}"
EndProject
Project("{2150E333-8FDC-42A3-9474-1A3956D46DE8}") = "Infrastructure", "Infrastructure", "{A4E29097-B9C7-49B8-AC53-DD4218B42DDD}"
EndProject
Project("{2150E333-8FDC-42A3-9474-1A3956D46DE8}") = "Presentation", "Presentation", "{A00E2545-19FB-44AC-8502-79871E6482A5}"
EndProject
Project("{FAE04EC0-301F-11D3-BF4B-00C04F79EFBC}") = "GTL.Infrastructure", "GTL.Infrastructure\GTL.Infrastructure.csproj", "{52A9502D-93AC-417E-8164-B1423AF16FEB}"
EndProject
Project("{FAE04EC0-301F-11D3-BF4B-00C04F79EFBC}") = "GTL.Persistence", "GTL.Persistence\GTL.Persistence.csproj", "{22C3F54C-F8A4-45D7-8580-720ABABF36A3}"
EndProject
Project("{2150E333-8FDC-42A3-9474-1A3956D46DE8}") = "Tests", "Tests", "{FA82E76A-73AB-4B7B-A0B0-FFF5BB690744}"
EndProject
Project("{9A19103F-16F7-4668-BE54-9A1E7A4F7556}") = "GTL.Domain", "GTL.Domain\GTL.Domain.csproj", "{F26B6772-E920-4989-9C1B-9D346D46D80B}"
EndProject
Project("{9A19103F-16F7-4668-BE54-9A1E7A4F7556}") = "GTL.Web", "GTL.Web\GTL.Web.csproj", "{9EE295F5-25EC-4B55-B283-6D561719A556}"
EndProject
Project("{FAE04EC0-301F-11D3-BF4B-00C04F79EFBC}") = "Domain.Tests", "Domain.Tests\Domain.Tests.csproj", "{F3864212-74B9-416E-8648-D153D7C90068}"
EndProject
Project("{FAE04EC0-301F-11D3-BF4B-00C04F79EFBC}") = "Application.Tests", "Application.Tests\Application.Tests.csproj", "{7FF0FE57-FE2C-4CB5-B355-90308AB15255}"
EndProject
Global
	GlobalSection(SolutionConfigurationPlatforms) = preSolution
		Debug|Any CPU = Debug|Any CPU
		Release|Any CPU = Release|Any CPU
	EndGlobalSection
	GlobalSection(ProjectConfigurationPlatforms) = postSolution
		{71FA72ED-3527-42E5-ADC6-59C4A5042C30}.Debug|Any CPU.ActiveCfg = Debug|Any CPU
		{71FA72ED-3527-42E5-ADC6-59C4A5042C30}.Debug|Any CPU.Build.0 = Debug|Any CPU
		{71FA72ED-3527-42E5-ADC6-59C4A5042C30}.Release|Any CPU.ActiveCfg = Release|Any CPU
		{71FA72ED-3527-42E5-ADC6-59C4A5042C30}.Release|Any CPU.Build.0 = Release|Any CPU
		{1652EBCC-1592-4D70-B543-65546E38CE97}.Debug|Any CPU.ActiveCfg = Debug|Any CPU
		{1652EBCC-1592-4D70-B543-65546E38CE97}.Debug|Any CPU.Build.0 = Debug|Any CPU
		{1652EBCC-1592-4D70-B543-65546E38CE97}.Release|Any CPU.ActiveCfg = Release|Any CPU
		{1652EBCC-1592-4D70-B543-65546E38CE97}.Release|Any CPU.Build.0 = Release|Any CPU
		{52A9502D-93AC-417E-8164-B1423AF16FEB}.Debug|Any CPU.ActiveCfg = Debug|Any CPU
		{52A9502D-93AC-417E-8164-B1423AF16FEB}.Debug|Any CPU.Build.0 = Debug|Any CPU
		{52A9502D-93AC-417E-8164-B1423AF16FEB}.Release|Any CPU.ActiveCfg = Release|Any CPU
		{52A9502D-93AC-417E-8164-B1423AF16FEB}.Release|Any CPU.Build.0 = Release|Any CPU
		{22C3F54C-F8A4-45D7-8580-720ABABF36A3}.Debug|Any CPU.ActiveCfg = Debug|Any CPU
		{22C3F54C-F8A4-45D7-8580-720ABABF36A3}.Debug|Any CPU.Build.0 = Debug|Any CPU
		{22C3F54C-F8A4-45D7-8580-720ABABF36A3}.Release|Any CPU.ActiveCfg = Release|Any CPU
		{22C3F54C-F8A4-45D7-8580-720ABABF36A3}.Release|Any CPU.Build.0 = Release|Any CPU
		{F26B6772-E920-4989-9C1B-9D346D46D80B}.Debug|Any CPU.ActiveCfg = Debug|Any CPU
		{F26B6772-E920-4989-9C1B-9D346D46D80B}.Debug|Any CPU.Build.0 = Debug|Any CPU
		{F26B6772-E920-4989-9C1B-9D346D46D80B}.Release|Any CPU.ActiveCfg = Release|Any CPU
		{F26B6772-E920-4989-9C1B-9D346D46D80B}.Release|Any CPU.Build.0 = Release|Any CPU
		{9EE295F5-25EC-4B55-B283-6D561719A556}.Debug|Any CPU.ActiveCfg = Debug|Any CPU
		{9EE295F5-25EC-4B55-B283-6D561719A556}.Debug|Any CPU.Build.0 = Debug|Any CPU
		{9EE295F5-25EC-4B55-B283-6D561719A556}.Release|Any CPU.ActiveCfg = Release|Any CPU
		{9EE295F5-25EC-4B55-B283-6D561719A556}.Release|Any CPU.Build.0 = Release|Any CPU
		{F3864212-74B9-416E-8648-D153D7C90068}.Debug|Any CPU.ActiveCfg = Debug|Any CPU
		{F3864212-74B9-416E-8648-D153D7C90068}.Debug|Any CPU.Build.0 = Debug|Any CPU
		{F3864212-74B9-416E-8648-D153D7C90068}.Release|Any CPU.ActiveCfg = Release|Any CPU
		{F3864212-74B9-416E-8648-D153D7C90068}.Release|Any CPU.Build.0 = Release|Any CPU
		{7FF0FE57-FE2C-4CB5-B355-90308AB15255}.Debug|Any CPU.ActiveCfg = Debug|Any CPU
		{7FF0FE57-FE2C-4CB5-B355-90308AB15255}.Debug|Any CPU.Build.0 = Debug|Any CPU
		{7FF0FE57-FE2C-4CB5-B355-90308AB15255}.Release|Any CPU.ActiveCfg = Release|Any CPU
		{7FF0FE57-FE2C-4CB5-B355-90308AB15255}.Release|Any CPU.Build.0 = Release|Any CPU
	EndGlobalSection
	GlobalSection(SolutionProperties) = preSolution
		HideSolutionNode = FALSE
	EndGlobalSection
	GlobalSection(NestedProjects) = preSolution
		{71FA72ED-3527-42E5-ADC6-59C4A5042C30} = {E4F358B9-59A9-46CF-B70A-BE5FC34C0E46}
		{1652EBCC-1592-4D70-B543-65546E38CE97} = {E4F358B9-59A9-46CF-B70A-BE5FC34C0E46}
		{52A9502D-93AC-417E-8164-B1423AF16FEB} = {A4E29097-B9C7-49B8-AC53-DD4218B42DDD}
		{22C3F54C-F8A4-45D7-8580-720ABABF36A3} = {A4E29097-B9C7-49B8-AC53-DD4218B42DDD}
		{F26B6772-E920-4989-9C1B-9D346D46D80B} = {E4F358B9-59A9-46CF-B70A-BE5FC34C0E46}
		{9EE295F5-25EC-4B55-B283-6D561719A556} = {A00E2545-19FB-44AC-8502-79871E6482A5}
		{F3864212-74B9-416E-8648-D153D7C90068} = {FA82E76A-73AB-4B7B-A0B0-FFF5BB690744}
		{7FF0FE57-FE2C-4CB5-B355-90308AB15255} = {FA82E76A-73AB-4B7B-A0B0-FFF5BB690744}
	EndGlobalSection
	GlobalSection(ExtensibilityGlobals) = postSolution
		SolutionGuid = {5A2F8B02-C01A-4182-A321-777EE5B80484}
	EndGlobalSection
EndGlobal
