
Microsoft Visual Studio Solution File, Format Version 12.00
# Visual Studio 15
VisualStudioVersion = 15.0.28307.572
MinimumVisualStudioVersion = 10.0.40219.1
Project("{2150E333-8FDC-42A3-9474-1A3956D46DE8}") = "Core", "Core", "{E4F358B9-59A9-46CF-B70A-BE5FC34C0E46}"
EndProject
Project("{2150E333-8FDC-42A3-9474-1A3956D46DE8}") = "Infrastructure", "Infrastructure", "{A4E29097-B9C7-49B8-AC53-DD4218B42DDD}"
EndProject
Project("{2150E333-8FDC-42A3-9474-1A3956D46DE8}") = "Presentation", "Presentation", "{A00E2545-19FB-44AC-8502-79871E6482A5}"
EndProject
Project("{2150E333-8FDC-42A3-9474-1A3956D46DE8}") = "Tests", "Tests", "{FA82E76A-73AB-4B7B-A0B0-FFF5BB690744}"
EndProject
Project("{9A19103F-16F7-4668-BE54-9A1E7A4F7556}") = "GTL.Web", "GTL.Web\GTL.Web.csproj", "{9EE295F5-25EC-4B55-B283-6D561719A556}"
EndProject
Project("{9A19103F-16F7-4668-BE54-9A1E7A4F7556}") = "Domain.Tests", "Domain.Tests\Domain.Tests.csproj", "{F3864212-74B9-416E-8648-D153D7C90068}"
EndProject
Project("{9A19103F-16F7-4668-BE54-9A1E7A4F7556}") = "Application.Tests", "Application.Tests\Application.Tests.csproj", "{7FF0FE57-FE2C-4CB5-B355-90308AB15255}"
EndProject
Project("{9A19103F-16F7-4668-BE54-9A1E7A4F7556}") = "GTL.Application", "GTL.Application\GTL.Application.csproj", "{243D34BB-6AEA-499A-9012-E287A93F40FB}"
EndProject
Project("{9A19103F-16F7-4668-BE54-9A1E7A4F7556}") = "GTL.Domain", "GTL.Domain\GTL.Domain.csproj", "{5FF6B3E0-A7F4-4415-BB53-36C66B66794F}"
EndProject
Project("{9A19103F-16F7-4668-BE54-9A1E7A4F7556}") = "GTL.Infrastructure", "GTL.Infrastructure\GTL.Infrastructure.csproj", "{2639708D-FC9F-44C1-A274-765664A5839A}"
EndProject
Project("{9A19103F-16F7-4668-BE54-9A1E7A4F7556}") = "GTL.Persistence", "GTL.Persistence\GTL.Persistence.csproj", "{C585A115-8DC9-4FFA-B01A-F1AB71ACFADC}"
EndProject
Project("{9A19103F-16F7-4668-BE54-9A1E7A4F7556}") = "IntegrationTests", "IntegrationTests\IntegrationTests.csproj", "{D722159F-9DD4-421A-BF6F-A8F9CDCE86D9}"
EndProject
Project("{9A19103F-16F7-4668-BE54-9A1E7A4F7556}") = "GTL.EndToEndTests", "GTL.EndToEndTests\GTL.EndToEndTests.csproj", "{D85D00E5-F6E2-435F-BA84-7DAC54DA3F4C}"
EndProject
Project("{FAE04EC0-301F-11D3-BF4B-00C04F79EFBC}") = "TestDatabaseManager", "TestDatabaseManager\TestDatabaseManager.csproj", "{8006EA7E-9BA1-4ED1-8E44-317301E475B4}"
EndProject
Global
	GlobalSection(SolutionConfigurationPlatforms) = preSolution
		Debug|Any CPU = Debug|Any CPU
		Release|Any CPU = Release|Any CPU
	EndGlobalSection
	GlobalSection(ProjectConfigurationPlatforms) = postSolution
		{9EE295F5-25EC-4B55-B283-6D561719A556}.Debug|Any CPU.ActiveCfg = Debug|Any CPU
		{9EE295F5-25EC-4B55-B283-6D561719A556}.Debug|Any CPU.Build.0 = Debug|Any CPU
		{9EE295F5-25EC-4B55-B283-6D561719A556}.Release|Any CPU.ActiveCfg = Release|Any CPU
		{9EE295F5-25EC-4B55-B283-6D561719A556}.Release|Any CPU.Build.0 = Release|Any CPU
		{F3864212-74B9-416E-8648-D153D7C90068}.Debug|Any CPU.ActiveCfg = Debug|Any CPU
		{F3864212-74B9-416E-8648-D153D7C90068}.Debug|Any CPU.Build.0 = Debug|Any CPU
		{F3864212-74B9-416E-8648-D153D7C90068}.Release|Any CPU.ActiveCfg = Release|Any CPU
		{F3864212-74B9-416E-8648-D153D7C90068}.Release|Any CPU.Build.0 = Release|Any CPU
		{7FF0FE57-FE2C-4CB5-B355-90308AB15255}.Debug|Any CPU.ActiveCfg = Debug|Any CPU
		{7FF0FE57-FE2C-4CB5-B355-90308AB15255}.Debug|Any CPU.Build.0 = Debug|Any CPU
		{7FF0FE57-FE2C-4CB5-B355-90308AB15255}.Release|Any CPU.ActiveCfg = Release|Any CPU
		{7FF0FE57-FE2C-4CB5-B355-90308AB15255}.Release|Any CPU.Build.0 = Release|Any CPU
		{243D34BB-6AEA-499A-9012-E287A93F40FB}.Debug|Any CPU.ActiveCfg = Debug|Any CPU
		{243D34BB-6AEA-499A-9012-E287A93F40FB}.Debug|Any CPU.Build.0 = Debug|Any CPU
		{243D34BB-6AEA-499A-9012-E287A93F40FB}.Release|Any CPU.ActiveCfg = Release|Any CPU
		{243D34BB-6AEA-499A-9012-E287A93F40FB}.Release|Any CPU.Build.0 = Release|Any CPU
		{5FF6B3E0-A7F4-4415-BB53-36C66B66794F}.Debug|Any CPU.ActiveCfg = Debug|Any CPU
		{5FF6B3E0-A7F4-4415-BB53-36C66B66794F}.Debug|Any CPU.Build.0 = Debug|Any CPU
		{5FF6B3E0-A7F4-4415-BB53-36C66B66794F}.Release|Any CPU.ActiveCfg = Release|Any CPU
		{5FF6B3E0-A7F4-4415-BB53-36C66B66794F}.Release|Any CPU.Build.0 = Release|Any CPU
		{2639708D-FC9F-44C1-A274-765664A5839A}.Debug|Any CPU.ActiveCfg = Debug|Any CPU
		{2639708D-FC9F-44C1-A274-765664A5839A}.Debug|Any CPU.Build.0 = Debug|Any CPU
		{2639708D-FC9F-44C1-A274-765664A5839A}.Release|Any CPU.ActiveCfg = Release|Any CPU
		{2639708D-FC9F-44C1-A274-765664A5839A}.Release|Any CPU.Build.0 = Release|Any CPU
		{C585A115-8DC9-4FFA-B01A-F1AB71ACFADC}.Debug|Any CPU.ActiveCfg = Debug|Any CPU
		{C585A115-8DC9-4FFA-B01A-F1AB71ACFADC}.Debug|Any CPU.Build.0 = Debug|Any CPU
		{C585A115-8DC9-4FFA-B01A-F1AB71ACFADC}.Release|Any CPU.ActiveCfg = Release|Any CPU
		{C585A115-8DC9-4FFA-B01A-F1AB71ACFADC}.Release|Any CPU.Build.0 = Release|Any CPU
		{D722159F-9DD4-421A-BF6F-A8F9CDCE86D9}.Debug|Any CPU.ActiveCfg = Debug|Any CPU
		{D722159F-9DD4-421A-BF6F-A8F9CDCE86D9}.Release|Any CPU.ActiveCfg = Release|Any CPU
		{D722159F-9DD4-421A-BF6F-A8F9CDCE86D9}.Release|Any CPU.Build.0 = Release|Any CPU
		{D85D00E5-F6E2-435F-BA84-7DAC54DA3F4C}.Debug|Any CPU.ActiveCfg = Debug|Any CPU
		{D85D00E5-F6E2-435F-BA84-7DAC54DA3F4C}.Debug|Any CPU.Build.0 = Debug|Any CPU
		{D85D00E5-F6E2-435F-BA84-7DAC54DA3F4C}.Release|Any CPU.ActiveCfg = Release|Any CPU
		{D85D00E5-F6E2-435F-BA84-7DAC54DA3F4C}.Release|Any CPU.Build.0 = Release|Any CPU
		{8006EA7E-9BA1-4ED1-8E44-317301E475B4}.Debug|Any CPU.ActiveCfg = Debug|Any CPU
		{8006EA7E-9BA1-4ED1-8E44-317301E475B4}.Debug|Any CPU.Build.0 = Debug|Any CPU
		{8006EA7E-9BA1-4ED1-8E44-317301E475B4}.Release|Any CPU.ActiveCfg = Release|Any CPU
		{8006EA7E-9BA1-4ED1-8E44-317301E475B4}.Release|Any CPU.Build.0 = Release|Any CPU
	EndGlobalSection
	GlobalSection(SolutionProperties) = preSolution
		HideSolutionNode = FALSE
	EndGlobalSection
	GlobalSection(NestedProjects) = preSolution
		{9EE295F5-25EC-4B55-B283-6D561719A556} = {A00E2545-19FB-44AC-8502-79871E6482A5}
		{F3864212-74B9-416E-8648-D153D7C90068} = {FA82E76A-73AB-4B7B-A0B0-FFF5BB690744}
		{7FF0FE57-FE2C-4CB5-B355-90308AB15255} = {FA82E76A-73AB-4B7B-A0B0-FFF5BB690744}
		{243D34BB-6AEA-499A-9012-E287A93F40FB} = {E4F358B9-59A9-46CF-B70A-BE5FC34C0E46}
		{5FF6B3E0-A7F4-4415-BB53-36C66B66794F} = {E4F358B9-59A9-46CF-B70A-BE5FC34C0E46}
		{2639708D-FC9F-44C1-A274-765664A5839A} = {A4E29097-B9C7-49B8-AC53-DD4218B42DDD}
		{C585A115-8DC9-4FFA-B01A-F1AB71ACFADC} = {A4E29097-B9C7-49B8-AC53-DD4218B42DDD}
		{D722159F-9DD4-421A-BF6F-A8F9CDCE86D9} = {FA82E76A-73AB-4B7B-A0B0-FFF5BB690744}
		{D85D00E5-F6E2-435F-BA84-7DAC54DA3F4C} = {FA82E76A-73AB-4B7B-A0B0-FFF5BB690744}
		{8006EA7E-9BA1-4ED1-8E44-317301E475B4} = {FA82E76A-73AB-4B7B-A0B0-FFF5BB690744}
	EndGlobalSection
	GlobalSection(ExtensibilityGlobals) = postSolution
		SolutionGuid = {5A2F8B02-C01A-4182-A321-777EE5B80484}
	EndGlobalSection
EndGlobal
